PODS:
  - Alamofire (4.9.1)
  - ImageSlideshow (1.9.1):
    - ImageSlideshow/Core (= 1.9.1)
  - ImageSlideshow/Core (1.9.1)
  - SDWebImage (4.4.8):
    - SDWebImage/Core (= 4.4.8)
  - SDWebImage/Core (4.4.8)

DEPENDENCIES:
  - Alamofire
  - ImageSlideshow
  - SDWebImage (~> 4.0)

SPEC REPOS:
  trunk:
    - Alamofire
    - ImageSlideshow
    - SDWebImage

SPEC CHECKSUMS:
  Alamofire: 85e8a02c69d6020a0d734f6054870d7ecb75cf18
  ImageSlideshow: 67184be896a28472bd3b906c33ce4e0734aa3d22
  SDWebImage: 783af2c3fa36291a250030c4752ee370a9a51d13

PODFILE CHECKSUM: 3d6e8898e463e007e9662c29d0528d0c1164eee1

COCOAPODS: 1.8.4
